{
  "name": "INTERFACE_LLM",
  "lockfileVersion": 3,
  "requires": true,
  "packages": {
    "": {
      "dependencies": {
        "@lobehub/icons-static-svg": "^1.77.0"
      }
    },
    "node_modules/@lobehub/icons-static-svg": {
      "version": "1.77.0",
      "resolved": "https://registry.npmjs.org/@lobehub/icons-static-svg/-/icons-static-svg-1.77.0.tgz",
      "integrity": "sha512-4pKm4h0oGq+ekHZgGcIjdgtduJxT+B7LEwZjCr2eWy7XkxQSEYCVg3wA4pTf9O26o3GH4tHe0nA9rQ+DSD2YEQ==",
      "license": "MIT"
    }
  }
}
